
Microsoft Visual Studio Solution File, Format Version 12.00
# Visual Studio Version 17
VisualStudioVersion = 17.2.32519.379
MinimumVisualStudioVersion = 10.0.40219.1
Project("{FAE04EC0-301F-11D3-BF4B-00C04F79EFBC}") = "ExtractHyperIn", "ExtractHyperIn\ExtractHyperIn.csproj", "{A7F559D2-0615-4DD0-8081-11AB56D10C1B}"
EndProject
Global
	GlobalSection(SolutionConfigurationPlatforms) = preSolution
		Debug|Any CPU = Debug|Any CPU
		Release|Any CPU = Release|Any CPU
	EndGlobalSection
	GlobalSection(ProjectConfigurationPlatforms) = postSolution
		{A7F559D2-0615-4DD0-8081-11AB56D10C1B}.Debug|Any CPU.ActiveCfg = Debug|Any CPU
		{A7F559D2-0615-4DD0-8081-11AB56D10C1B}.Debug|Any CPU.Build.0 = Debug|Any CPU
		{A7F559D2-0615-4DD0-8081-11AB56D10C1B}.Release|Any CPU.ActiveCfg = Release|Any CPU
		{A7F559D2-0615-4DD0-8081-11AB56D10C1B}.Release|Any CPU.Build.0 = Release|Any CPU
	EndGlobalSection
	GlobalSection(SolutionProperties) = preSolution
		HideSolutionNode = FALSE
	EndGlobalSection
	GlobalSection(ExtensibilityGlobals) = postSolution
		SolutionGuid = {BC8E5A11-24DD-467E-ABCD-2FD6721CBD62}
	EndGlobalSection
EndGlobal
